
Microsoft Visual Studio Solution File, Format Version 12.00
# Visual Studio Version 16
VisualStudioVersion = 16.0.31729.503
MinimumVisualStudioVersion = 10.0.40219.1
Project("{FAE04EC0-301F-11D3-BF4B-00C04F79EFBC}") = "ReplaceBase64XML", "ReplaceBase64XML\ReplaceBase64XML.csproj", "{B0E56825-CDA3-419B-B500-E966C6863552}"
EndProject
Global
	GlobalSection(SolutionConfigurationPlatforms) = preSolution
		Debug|Any CPU = Debug|Any CPU
		Release|Any CPU = Release|Any CPU
	EndGlobalSection
	GlobalSection(ProjectConfigurationPlatforms) = postSolution
		{B0E56825-CDA3-419B-B500-E966C6863552}.Debug|Any CPU.ActiveCfg = Debug|Any CPU
		{B0E56825-CDA3-419B-B500-E966C6863552}.Debug|Any CPU.Build.0 = Debug|Any CPU
		{B0E56825-CDA3-419B-B500-E966C6863552}.Release|Any CPU.ActiveCfg = Release|Any CPU
		{B0E56825-CDA3-419B-B500-E966C6863552}.Release|Any CPU.Build.0 = Release|Any CPU
	EndGlobalSection
	GlobalSection(SolutionProperties) = preSolution
		HideSolutionNode = FALSE
	EndGlobalSection
	GlobalSection(ExtensibilityGlobals) = postSolution
		SolutionGuid = {E8ADCF67-A2B9-4C74-847A-68C7C0C578BF}
	EndGlobalSection
EndGlobal
